// !$*UTF8*$!
{
	archiveVersion = 1;
	classes = {
	};
	objectVersion = 46;
	objects = {

/* Begin PBXBuildFile section */
		5C2CE1121CC8C2F800AF01C3 /* main.cpp in Sources */ = {isa = PBXBuildFile; fileRef = 5C2CE1111CC8C2F800AF01C3 /* main.cpp */; };
		5C2CE11A1CC8C3A000AF01C3 /* CPolynom.cpp in Sources */ = {isa = PBXBuildFile; fileRef = 5C2CE1181CC8C3A000AF01C3 /* CPolynom.cpp */; };
/* End PBXBuildFile section */

/* Begin PBXCopyFilesBuildPhase section */
		5C2CE10C1CC8C2F800AF01C3 /* CopyFiles */ = {
			isa = PBXCopyFilesBuildPhase;
			buildActionMask = 2147483647;
			dstPath = /usr/share/man/man1/;
			dstSubfolderSpec = 0;
			files = (
			);
			runOnlyForDeploymentPostprocessing = 1;
		};
/* End PBXCopyFilesBuildPhase section */

/* Begin PBXFileReference section */
		5C2CE10E1CC8C2F800AF01C3 /* Polynom */ = {isa = PBXFileReference; explicitFileType = "compiled.mach-o.executable"; includeInIndex = 0; path = Polynom; sourceTree = BUILT_PRODUCTS_DIR; };
		5C2CE1111CC8C2F800AF01C3 /* main.cpp */ = {isa = PBXFileReference; lastKnownFileType = sourcecode.cpp.cpp; path = main.cpp; sourceTree = "<group>"; };
		5C2CE1181CC8C3A000AF01C3 /* CPolynom.cpp */ = {isa = PBXFileReference; fileEncoding = 4; lastKnownFileType = sourcecode.cpp.cpp; path = CPolynom.cpp; sourceTree = "<group>"; };
		5C2CE1191CC8C3A000AF01C3 /* CPolynom.hpp */ = {isa = PBXFileReference; fileEncoding = 4; lastKnownFileType = sourcecode.cpp.h; path = CPolynom.hpp; sourceTree = "<group>"; };
/* End PBXFileReference section */

/* Begin PBXFrameworksBuildPhase section */
		5C2CE10B1CC8C2F800AF01C3 /* Frameworks */ = {
			isa = PBXFrameworksBuildPhase;
			buildActionMask = 2147483647;
			files = (
			);
			runOnlyForDeploymentPostprocessing = 0;
		};
/* End PBXFrameworksBuildPhase section */

/* Begin PBXGroup section */
		5C2CE1051CC8C2F800AF01C3 = {
			isa = PBXGroup;
			children = (
				5C2CE1101CC8C2F800AF01C3 /* Polynom */,
				5C2CE10F1CC8C2F800AF01C3 /* Products */,
			);
			sourceTree = "<group>";
		};
		5C2CE10F1CC8C2F800AF01C3 /* Products */ = {
			isa = PBXGroup;
			children = (
				5C2CE10E1CC8C2F800AF01C3 /* Polynom */,
			);
			name = Products;
			sourceTree = "<group>";
		};
		5C2CE1101CC8C2F800AF01C3 /* Polynom */ = {
			isa = PBXGroup;
			children = (
				5C2CE1111CC8C2F800AF01C3 /* main.cpp */,
				5C2CE1181CC8C3A000AF01C3 /* CPolynom.cpp */,
				5C2CE1191CC8C3A000AF01C3 /* CPolynom.hpp */,
			);
			path = Polynom;
			sourceTree = "<group>";
		};
/* End PBXGroup section */

/* Begin PBXNativeTarget section */
		5C2CE10D1CC8C2F800AF01C3 /* Polynom */ = {
			isa = PBXNativeTarget;
			buildConfigurationList = 5C2CE1151CC8C2F800AF01C3 /* Build configuration list for PBXNativeTarget "Polynom" */;
			buildPhases = (
				5C2CE10A1CC8C2F800AF01C3 /* Sources */,
				5C2CE10B1CC8C2F800AF01C3 /* Frameworks */,
				5C2CE10C1CC8C2F800AF01C3 /* CopyFiles */,
			);
			buildRules = (
			);
			dependencies = (
			);
			name = Polynom;
			productName = Polynom;
			productReference = 5C2CE10E1CC8C2F800AF01C3 /* Polynom */;
			productType = "com.apple.product-type.tool";
		};
/* End PBXNativeTarget section */

/* Begin PBXProject section */
		5C2CE1061CC8C2F800AF01C3 /* Project object */ = {
			isa = PBXProject;
			attributes = {
				LastUpgradeCheck = 0720;
				ORGANIZATIONNAME = Evgeny;
				TargetAttributes = {
					5C2CE10D1CC8C2F800AF01C3 = {
						CreatedOnToolsVersion = 7.2.1;
					};
				};
			};
			buildConfigurationList = 5C2CE1091CC8C2F800AF01C3 /* Build configuration list for PBXProject "Polynom" */;
			compatibilityVersion = "Xcode 3.2";
			developmentRegion = English;
			hasScannedForEncodings = 0;
			knownRegions = (
				en,
			);
			mainGroup = 5C2CE1051CC8C2F800AF01C3;
			productRefGroup = 5C2CE10F1CC8C2F800AF01C3 /* Products */;
			projectDirPath = "";
			projectRoot = "";
			targets = (
				5C2CE10D1CC8C2F800AF01C3 /* Polynom */,
			);
		};
/* End PBXProject section */

/* Begin PBXSourcesBuildPhase section */
		5C2CE10A1CC8C2F800AF01C3 /* Sources */ = {
			isa = PBXSourcesBuildPhase;
			buildActionMask = 2147483647;
			files = (
				5C2CE11A1CC8C3A000AF01C3 /* CPolynom.cpp in Sources */,
				5C2CE1121CC8C2F800AF01C3 /* main.cpp in Sources */,
			);
			runOnlyForDeploymentPostprocessing = 0;
		};
/* End PBXSourcesBuildPhase section */

/* Begin XCBuildConfiguration section */
		5C2CE1131CC8C2F800AF01C3 /* Debug */ = {
			isa = XCBuildConfiguration;
			buildSettings = {
				ALWAYS_SEARCH_USER_PATHS = NO;
				CLANG_CXX_LANGUAGE_STANDARD = "gnu++0x";
				CLANG_CXX_LIBRARY = "libc++";
				CLANG_ENABLE_MODULES = YES;
				CLANG_ENABLE_OBJC_ARC = YES;
				CLANG_WARN_BOOL_CONVERSION = YES;
				CLANG_WARN_CONSTANT_CONVERSION = YES;
				CLANG_WARN_DIRECT_OBJC_ISA_USAGE = YES_ERROR;
				CLANG_WARN_EMPTY_BODY = YES;
				CLANG_WARN_ENUM_CONVERSION = YES;
				CLANG_WARN_INT_CONVERSION = YES;
				CLANG_WARN_OBJC_ROOT_CLASS = YES_ERROR;
				CLANG_WARN_UNREACHABLE_CODE = YES;
				CLANG_WARN__DUPLICATE_METHOD_MATCH = YES;
				CODE_SIGN_IDENTITY = "-";
				COPY_PHASE_STRIP = NO;
				DEBUG_INFORMATION_FORMAT = dwarf;
				ENABLE_STRICT_OBJC_MSGSEND = YES;
				ENABLE_TESTABILITY = YES;
				GCC_C_LANGUAGE_STANDARD = gnu99;
				GCC_DYNAMIC_NO_PIC = NO;
				GCC_NO_COMMON_BLOCKS = YES;
				GCC_OPTIMIZATION_LEVEL = 0;
				GCC_PREPROCESSOR_DEFINITIONS = (
					"DEBUG=1",
					"$(inherited)",
				);
				GCC_WARN_64_TO_32_BIT_CONVERSION = YES;
				GCC_WARN_ABOUT_RETURN_TYPE = YES_ERROR;
				GCC_WARN_UNDECLARED_SELECTOR = YES;
				GCC_WARN_UNINITIALIZED_AUTOS = YES_AGGRESSIVE;
				GCC_WARN_UNUSED_FUNCTION = YES;
				GCC_WARN_UNUSED_VARIABLE = YES;
				MACOSX_DEPLOYMENT_TARGET = 10.10;
				MTL_ENABLE_DEBUG_INFO = YES;
				ONLY_ACTIVE_ARCH = YES;
				SDKROOT = macosx;
			};
			name = Debug;
		};
		5C2CE1141CC8C2F800AF01C3 /* Release */ = {
			isa = XCBuildConfiguration;
			buildSettings = {
				ALWAYS_SEARCH_USER_PATHS = NO;
				CLANG_CXX_LANGUAGE_STANDARD = "gnu++0x";
				CLANG_CXX_LIBRARY = "libc++";
				CLANG_ENABLE_MODULES = YES;
				CLANG_ENABLE_OBJC_ARC = YES;
				CLANG_WARN_BOOL_CONVERSION = YES;
				CLANG_WARN_CONSTANT_CONVERSION = YES;
				CLANG_WARN_DIRECT_OBJC_ISA_USAGE = YES_ERROR;
				CLANG_WARN_EMPTY_BODY = YES;
				CLANG_WARN_ENUM_CONVERSION = YES;
				CLANG_WARN_INT_CONVERSION = YES;
				CLANG_WARN_OBJC_ROOT_CLASS = YES_ERROR;
				CLANG_WARN_UNREACHABLE_CODE = YES;
				CLANG_WARN__DUPLICATE_METHOD_MATCH = YES;
				CODE_SIGN_IDENTITY = "-";
				COPY_PHASE_STRIP = NO;
				DEBUG_INFORMATION_FORMAT = "dwarf-with-dsym";
				ENABLE_NS_ASSERTIONS = NO;
				ENABLE_STRICT_OBJC_MSGSEND = YES;
				GCC_C_LANGUAGE_STANDARD = gnu99;
				GCC_NO_COMMON_BLOCKS = YES;
				GCC_WARN_64_TO_32_BIT_CONVERSION = YES;
				GCC_WARN_ABOUT_RETURN_TYPE = YES_ERROR;
				GCC_WARN_UNDECLARED_SELECTOR = YES;
				GCC_WARN_UNINITIALIZED_AUTOS = YES_AGGRESSIVE;
				GCC_WARN_UNUSED_FUNCTION = YES;
				GCC_WARN_UNUSED_VARIABLE = YES;
				MACOSX_DEPLOYMENT_TARGET = 10.10;
				MTL_ENABLE_DEBUG_INFO = NO;
				SDKROOT = macosx;
			};
			name = Release;
		};
		5C2CE1161CC8C2F800AF01C3 /* Debug */ = {
			isa = XCBuildConfiguration;
			buildSettings = {
				PRODUCT_NAME = "$(TARGET_NAME)";
			};
			name = Debug;
		};
		5C2CE1171CC8C2F800AF01C3 /* Release */ = {
			isa = XCBuildConfiguration;
			buildSettings = {
				PRODUCT_NAME = "$(TARGET_NAME)";
			};
			name = Release;
		};
/* End XCBuildConfiguration section */

/* Begin XCConfigurationList section */
		5C2CE1091CC8C2F800AF01C3 /* Build configuration list for PBXProject "Polynom" */ = {
			isa = XCConfigurationList;
			buildConfigurations = (
				5C2CE1131CC8C2F800AF01C3 /* Debug */,
				5C2CE1141CC8C2F800AF01C3 /* Release */,
			);
			defaultConfigurationIsVisible = 0;
			defaultConfigurationName = Release;
		};
		5C2CE1151CC8C2F800AF01C3 /* Build configuration list for PBXNativeTarget "Polynom" */ = {
			isa = XCConfigurationList;
			buildConfigurations = (
				5C2CE1161CC8C2F800AF01C3 /* Debug */,
				5C2CE1171CC8C2F800AF01C3 /* Release */,
			);
			defaultConfigurationIsVisible = 0;
		};
/* End XCConfigurationList section */
	};
	rootObject = 5C2CE1061CC8C2F800AF01C3 /* Project object */;
}
